
Microsoft Visual Studio Solution File, Format Version 12.00
# Visual Studio 15
VisualStudioVersion = 15.0.27428.2005
MinimumVisualStudioVersion = 10.0.40219.1
Project("{FAE04EC0-301F-11D3-BF4B-00C04F79EFBC}") = "Competition Bot", "Competition Bot\Competition Bot.csproj", "{DE6C1F09-80F9-4940-AC37-33F5EFB5396A}"
EndProject
Global
	GlobalSection(SolutionConfigurationPlatforms) = preSolution
		Debug|Any CPU = Debug|Any CPU
		Release|Any CPU = Release|Any CPU
	EndGlobalSection
	GlobalSection(ProjectConfigurationPlatforms) = postSolution
		{DE6C1F09-80F9-4940-AC37-33F5EFB5396A}.Debug|Any CPU.ActiveCfg = Debug|Any CPU
		{DE6C1F09-80F9-4940-AC37-33F5EFB5396A}.Debug|Any CPU.Build.0 = Debug|Any CPU
		{DE6C1F09-80F9-4940-AC37-33F5EFB5396A}.Release|Any CPU.ActiveCfg = Release|Any CPU
		{DE6C1F09-80F9-4940-AC37-33F5EFB5396A}.Release|Any CPU.Build.0 = Release|Any CPU
	EndGlobalSection
	GlobalSection(SolutionProperties) = preSolution
		HideSolutionNode = FALSE
	EndGlobalSection
	GlobalSection(ExtensibilityGlobals) = postSolution
		SolutionGuid = {410782CE-7844-43D4-9153-0D9454874DCD}
	EndGlobalSection
EndGlobal
